
Microsoft Visual Studio Solution File, Format Version 12.00
# Visual Studio Version 17
VisualStudioVersion = 17.3.32922.545
MinimumVisualStudioVersion = 10.0.40219.1
Project("{FAE04EC0-301F-11D3-BF4B-00C04F79EFBC}") = "SQLite", "SQLite\SQLite.csproj", "{F96819AB-D734-4885-8534-53A4B61CDD72}"
EndProject
Global
	GlobalSection(SolutionConfigurationPlatforms) = preSolution
		Debug|Any CPU = Debug|Any CPU
		Release|Any CPU = Release|Any CPU
	EndGlobalSection
	GlobalSection(ProjectConfigurationPlatforms) = postSolution
		{F96819AB-D734-4885-8534-53A4B61CDD72}.Debug|Any CPU.ActiveCfg = Debug|Any CPU
		{F96819AB-D734-4885-8534-53A4B61CDD72}.Debug|Any CPU.Build.0 = Debug|Any CPU
		{F96819AB-D734-4885-8534-53A4B61CDD72}.Release|Any CPU.ActiveCfg = Release|Any CPU
		{F96819AB-D734-4885-8534-53A4B61CDD72}.Release|Any CPU.Build.0 = Release|Any CPU
	EndGlobalSection
	GlobalSection(SolutionProperties) = preSolution
		HideSolutionNode = FALSE
	EndGlobalSection
	GlobalSection(ExtensibilityGlobals) = postSolution
		SolutionGuid = {6103CABB-D3F1-4B71-B089-A082B1D50E7A}
	EndGlobalSection
EndGlobal
